
Microsoft Visual Studio Solution File, Format Version 12.00
# Visual Studio Version 16
VisualStudioVersion = 16.0.30413.136
MinimumVisualStudioVersion = 10.0.40219.1
Project("{FAE04EC0-301F-11D3-BF4B-00C04F79EFBC}") = "Gardient.MenuUtils", "Gardient.MenuUtils\Gardient.MenuUtils.csproj", "{83ED7E5F-2381-43A0-ACDD-ED607171CD58}"
EndProject
Global
	GlobalSection(SolutionConfigurationPlatforms) = preSolution
		Debug|Any CPU = Debug|Any CPU
		Release|Any CPU = Release|Any CPU
	EndGlobalSection
	GlobalSection(ProjectConfigurationPlatforms) = postSolution
		{83ED7E5F-2381-43A0-ACDD-ED607171CD58}.Debug|Any CPU.ActiveCfg = Debug|Any CPU
		{83ED7E5F-2381-43A0-ACDD-ED607171CD58}.Debug|Any CPU.Build.0 = Debug|Any CPU
		{83ED7E5F-2381-43A0-ACDD-ED607171CD58}.Release|Any CPU.ActiveCfg = Release|Any CPU
		{83ED7E5F-2381-43A0-ACDD-ED607171CD58}.Release|Any CPU.Build.0 = Release|Any CPU
	EndGlobalSection
	GlobalSection(SolutionProperties) = preSolution
		HideSolutionNode = FALSE
	EndGlobalSection
	GlobalSection(ExtensibilityGlobals) = postSolution
		SolutionGuid = {E314809A-271B-4AEC-9DD2-1F80EE3078B0}
	EndGlobalSection
EndGlobal
